// !$*UTF8*$!
{
	archiveVersion = 1;
	classes = {
	};
	objectVersion = 46;
	objects = {

/* Begin PBXBuildFile section */
		5503C9AA1573C56A0046118E /* VeiculoAnnotation.m in Sources */ = {isa = PBXBuildFile; fileRef = 5503C9A91573C56A0046118E /* VeiculoAnnotation.m */; };
		5503C9AF1573C7350046118E /* yellow_pin.png in Resources */ = {isa = PBXBuildFile; fileRef = 5503C9AB1573C7350046118E /* yellow_pin.png */; };
		5503C9B01573C7350046118E /* pink_pin.png in Resources */ = {isa = PBXBuildFile; fileRef = 5503C9AC1573C7350046118E /* pink_pin.png */; };
		5503C9B11573C7350046118E /* green_pin.png in Resources */ = {isa = PBXBuildFile; fileRef = 5503C9AD1573C7350046118E /* green_pin.png */; };
		5503C9B21573C7350046118E /* blue_pin.png in Resources */ = {isa = PBXBuildFile; fileRef = 5503C9AE1573C7350046118E /* blue_pin.png */; };
		554F621D15700FE900D20BE8 /* UIKit.framework in Frameworks */ = {isa = PBXBuildFile; fileRef = 554F621C15700FE900D20BE8 /* UIKit.framework */; };
		554F621F15700FE900D20BE8 /* Foundation.framework in Frameworks */ = {isa = PBXBuildFile; fileRef = 554F621E15700FE900D20BE8 /* Foundation.framework */; };
		554F622115700FE900D20BE8 /* CoreGraphics.framework in Frameworks */ = {isa = PBXBuildFile; fileRef = 554F622015700FE900D20BE8 /* CoreGraphics.framework */; };
		554F622715700FE900D20BE8 /* InfoPlist.strings in Resources */ = {isa = PBXBuildFile; fileRef = 554F622515700FE900D20BE8 /* InfoPlist.strings */; };
		554F622915700FE900D20BE8 /* main.m in Sources */ = {isa = PBXBuildFile; fileRef = 554F622815700FE900D20BE8 /* main.m */; };
		554F622D15700FE900D20BE8 /* AppDelegate.m in Sources */ = {isa = PBXBuildFile; fileRef = 554F622C15700FE900D20BE8 /* AppDelegate.m */; };
		554F623015700FE900D20BE8 /* MainStoryboard.storyboard in Resources */ = {isa = PBXBuildFile; fileRef = 554F622E15700FE900D20BE8 /* MainStoryboard.storyboard */; };
		554F623515700FE900D20BE8 /* first.png in Resources */ = {isa = PBXBuildFile; fileRef = 554F623415700FE900D20BE8 /* first.png */; };
		554F623715700FE900D20BE8 /* first@2x.png in Resources */ = {isa = PBXBuildFile; fileRef = 554F623615700FE900D20BE8 /* first@2x.png */; };
		554F623C15700FE900D20BE8 /* second.png in Resources */ = {isa = PBXBuildFile; fileRef = 554F623B15700FE900D20BE8 /* second.png */; };
		554F623E15700FE900D20BE8 /* second@2x.png in Resources */ = {isa = PBXBuildFile; fileRef = 554F623D15700FE900D20BE8 /* second@2x.png */; };
		554F62451570136300D20BE8 /* MapKit.framework in Frameworks */ = {isa = PBXBuildFile; fileRef = 554F62441570136300D20BE8 /* MapKit.framework */; };
		554F624F1570214D00D20BE8 /* Place.m in Sources */ = {isa = PBXBuildFile; fileRef = 554F624C1570214D00D20BE8 /* Place.m */; };
		554F62501570214D00D20BE8 /* PlaceMark.m in Sources */ = {isa = PBXBuildFile; fileRef = 554F624E1570214D00D20BE8 /* PlaceMark.m */; };
		554F62541570220900D20BE8 /* PontosViewController.m in Sources */ = {isa = PBXBuildFile; fileRef = 554F62531570220900D20BE8 /* PontosViewController.m */; };
		554F625815702B9E00D20BE8 /* DetalhesLinhaViewController.m in Sources */ = {isa = PBXBuildFile; fileRef = 554F625715702B9E00D20BE8 /* DetalhesLinhaViewController.m */; };
		554F625B15702C7C00D20BE8 /* LinhasNoPontoViewController.m in Sources */ = {isa = PBXBuildFile; fileRef = 554F625A15702C7C00D20BE8 /* LinhasNoPontoViewController.m */; };
		554F625E1570348E00D20BE8 /* TodasLinhasViewController.m in Sources */ = {isa = PBXBuildFile; fileRef = 554F625D1570348E00D20BE8 /* TodasLinhasViewController.m */; };
		554F626215704B6C00D20BE8 /* RotaViewController.m in Sources */ = {isa = PBXBuildFile; fileRef = 554F626115704B6C00D20BE8 /* RotaViewController.m */; };
		554F626415704DC300D20BE8 /* CoreLocation.framework in Frameworks */ = {isa = PBXBuildFile; fileRef = 554F626315704DC300D20BE8 /* CoreLocation.framework */; };
		55CD6FC415A9F0E600C896F4 /* libTestFlight.a in Frameworks */ = {isa = PBXBuildFile; fileRef = 55CD6FC015A9F0E600C896F4 /* libTestFlight.a */; };
		55CD6FC515A9F0E600C896F4 /* README.txt in Resources */ = {isa = PBXBuildFile; fileRef = 55CD6FC115A9F0E600C896F4 /* README.txt */; };
		55CD6FC615A9F0E600C896F4 /* release_notes.txt in Resources */ = {isa = PBXBuildFile; fileRef = 55CD6FC215A9F0E600C896F4 /* release_notes.txt */; };
		55CD6FC915A9F11200C896F4 /* libz.dylib in Frameworks */ = {isa = PBXBuildFile; fileRef = 55CD6FC815A9F11200C896F4 /* libz.dylib */; };
		568C686515AA8BAE003F893F /* angrybus.png in Resources */ = {isa = PBXBuildFile; fileRef = 568C684715AA8BAE003F893F /* angrybus.png */; };
		568C686615AA8BAE003F893F /* angrybus@2x.png in Resources */ = {isa = PBXBuildFile; fileRef = 568C684815AA8BAE003F893F /* angrybus@2x.png */; };
		568C686715AA8BAE003F893F /* btnvoltar.png in Resources */ = {isa = PBXBuildFile; fileRef = 568C684915AA8BAE003F893F /* btnvoltar.png */; };
		568C686815AA8BAE003F893F /* btnvoltar@2x.png in Resources */ = {isa = PBXBuildFile; fileRef = 568C684A15AA8BAE003F893F /* btnvoltar@2x.png */; };
		568C686915AA8BAE003F893F /* celula.png in Resources */ = {isa = PBXBuildFile; fileRef = 568C684B15AA8BAE003F893F /* celula.png */; };
		568C686A15AA8BAE003F893F /* celula@2x.png in Resources */ = {isa = PBXBuildFile; fileRef = 568C684C15AA8BAE003F893F /* celula@2x.png */; };
		568C686B15AA8BAE003F893F /* header.png in Resources */ = {isa = PBXBuildFile; fileRef = 568C684D15AA8BAE003F893F /* header.png */; };
		568C686C15AA8BAE003F893F /* header@2x.png in Resources */ = {isa = PBXBuildFile; fileRef = 568C684E15AA8BAE003F893F /* header@2x.png */; };
		568C686D15AA8BAE003F893F /* linhas_off.png in Resources */ = {isa = PBXBuildFile; fileRef = 568C684F15AA8BAE003F893F /* linhas_off.png */; };
		568C686E15AA8BAE003F893F /* linhas_off@2x.png in Resources */ = {isa = PBXBuildFile; fileRef = 568C685015AA8BAE003F893F /* linhas_off@2x.png */; };
		568C686F15AA8BAE003F893F /* linhas_on.png in Resources */ = {isa = PBXBuildFile; fileRef = 568C685115AA8BAE003F893F /* linhas_on.png */; };
		568C687015AA8BAE003F893F /* linhas_on@2x.png in Resources */ = {isa = PBXBuildFile; fileRef = 568C685215AA8BAE003F893F /* linhas_on@2x.png */; };
		568C687115AA8BAE003F893F /* mapa_off.png in Resources */ = {isa = PBXBuildFile; fileRef = 568C685315AA8BAE003F893F /* mapa_off.png */; };
		568C687215AA8BAE003F893F /* mapa_off@2x.png in Resources */ = {isa = PBXBuildFile; fileRef = 568C685415AA8BAE003F893F /* mapa_off@2x.png */; };
		568C687315AA8BAE003F893F /* mapa_on.png in Resources */ = {isa = PBXBuildFile; fileRef = 568C685515AA8BAE003F893F /* mapa_on.png */; };
		568C687415AA8BAE003F893F /* mapa_on@2x.png in Resources */ = {isa = PBXBuildFile; fileRef = 568C685615AA8BAE003F893F /* mapa_on@2x.png */; };
		568C687515AA8BAE003F893F /* navbar.png in Resources */ = {isa = PBXBuildFile; fileRef = 568C685715AA8BAE003F893F /* navbar.png */; };
		568C687615AA8BAE003F893F /* navbar@2x.png in Resources */ = {isa = PBXBuildFile; fileRef = 568C685815AA8BAE003F893F /* navbar@2x.png */; };
		568C687715AA8BAE003F893F /* poi.png in Resources */ = {isa = PBXBuildFile; fileRef = 568C685915AA8BAE003F893F /* poi.png */; };
		568C687815AA8BAE003F893F /* poi@2x.png in Resources */ = {isa = PBXBuildFile; fileRef = 568C685A15AA8BAE003F893F /* poi@2x.png */; };
		568C687915AA8BAE003F893F /* search.png in Resources */ = {isa = PBXBuildFile; fileRef = 568C685B15AA8BAE003F893F /* search.png */; };
		568C687A15AA8BAE003F893F /* search@2x.png in Resources */ = {isa = PBXBuildFile; fileRef = 568C685C15AA8BAE003F893F /* search@2x.png */; };
		568C687D15AA8BAE003F893F /* tabbar.png in Resources */ = {isa = PBXBuildFile; fileRef = 568C685F15AA8BAE003F893F /* tabbar.png */; };
		568C687E15AA8BAE003F893F /* tabbar@2x.png in Resources */ = {isa = PBXBuildFile; fileRef = 568C686015AA8BAE003F893F /* tabbar@2x.png */; };
		568C687F15AA8BAE003F893F /* tabseletor.png in Resources */ = {isa = PBXBuildFile; fileRef = 568C686115AA8BAE003F893F /* tabseletor.png */; };
		568C688015AA8BAE003F893F /* tabseletor@2x.png in Resources */ = {isa = PBXBuildFile; fileRef = 568C686215AA8BAE003F893F /* tabseletor@2x.png */; };
		568C688115AA8BAE003F893F /* verposicao.png in Resources */ = {isa = PBXBuildFile; fileRef = 568C686315AA8BAE003F893F /* verposicao.png */; };
		568C688215AA8BAE003F893F /* verposicao@2x.png in Resources */ = {isa = PBXBuildFile; fileRef = 568C686415AA8BAE003F893F /* verposicao@2x.png */; };
		568C688615AA8CEA003F893F /* ABtabBarController.m in Sources */ = {isa = PBXBuildFile; fileRef = 568C688515AA8CEA003F893F /* ABtabBarController.m */; };
		568C688815AA90B0003F893F /* ABtabBarView.xib in Resources */ = {isa = PBXBuildFile; fileRef = 568C688715AA90B0003F893F /* ABtabBarView.xib */; };
		568C688F15AA9FC4003F893F /* MuseoSans_500.otf in Resources */ = {isa = PBXBuildFile; fileRef = 568C688A15AA9FC4003F893F /* MuseoSans_500.otf */; };
		568C689015AA9FC4003F893F /* MuseoSans_700.otf in Resources */ = {isa = PBXBuildFile; fileRef = 568C688B15AA9FC4003F893F /* MuseoSans_700.otf */; };
		568C689115AA9FC4003F893F /* MuseoSans_900.otf in Resources */ = {isa = PBXBuildFile; fileRef = 568C688C15AA9FC4003F893F /* MuseoSans_900.otf */; };
		568C689215AA9FC4003F893F /* MuseoSans-100.otf in Resources */ = {isa = PBXBuildFile; fileRef = 568C688D15AA9FC4003F893F /* MuseoSans-100.otf */; };
		568C689315AA9FC4003F893F /* MuseoSans-300.otf in Resources */ = {isa = PBXBuildFile; fileRef = 568C688E15AA9FC4003F893F /* MuseoSans-300.otf */; };
		568C689515AAA506003F893F /* Default.png in Resources */ = {isa = PBXBuildFile; fileRef = 568C689415AAA506003F893F /* Default.png */; };
		568C689715AAA50D003F893F /* Default@2x.png in Resources */ = {isa = PBXBuildFile; fileRef = 568C689615AAA50D003F893F /* Default@2x.png */; };
		568C689A15AAA5F8003F893F /* CustomCell.m in Sources */ = {isa = PBXBuildFile; fileRef = 568C689915AAA5F8003F893F /* CustomCell.m */; };
/* End PBXBuildFile section */

/* Begin PBXFileReference section */
		5503C9A81573C56A0046118E /* VeiculoAnnotation.h */ = {isa = PBXFileReference; fileEncoding = 4; lastKnownFileType = sourcecode.c.h; path = VeiculoAnnotation.h; sourceTree = "<group>"; };
		5503C9A91573C56A0046118E /* VeiculoAnnotation.m */ = {isa = PBXFileReference; fileEncoding = 4; lastKnownFileType = sourcecode.c.objc; path = VeiculoAnnotation.m; sourceTree = "<group>"; };
		5503C9AB1573C7350046118E /* yellow_pin.png */ = {isa = PBXFileReference; lastKnownFileType = image.png; path = yellow_pin.png; sourceTree = "<group>"; };
		5503C9AC1573C7350046118E /* pink_pin.png */ = {isa = PBXFileReference; lastKnownFileType = image.png; path = pink_pin.png; sourceTree = "<group>"; };
		5503C9AD1573C7350046118E /* green_pin.png */ = {isa = PBXFileReference; lastKnownFileType = image.png; path = green_pin.png; sourceTree = "<group>"; };
		5503C9AE1573C7350046118E /* blue_pin.png */ = {isa = PBXFileReference; lastKnownFileType = image.png; path = blue_pin.png; sourceTree = "<group>"; };
		554F621815700FE900D20BE8 /* Angrybus.app */ = {isa = PBXFileReference; explicitFileType = wrapper.application; includeInIndex = 0; path = Angrybus.app; sourceTree = BUILT_PRODUCTS_DIR; };
		554F621C15700FE900D20BE8 /* UIKit.framework */ = {isa = PBXFileReference; lastKnownFileType = wrapper.framework; name = UIKit.framework; path = System/Library/Frameworks/UIKit.framework; sourceTree = SDKROOT; };
		554F621E15700FE900D20BE8 /* Foundation.framework */ = {isa = PBXFileReference; lastKnownFileType = wrapper.framework; name = Foundation.framework; path = System/Library/Frameworks/Foundation.framework; sourceTree = SDKROOT; };
		554F622015700FE900D20BE8 /* CoreGraphics.framework */ = {isa = PBXFileReference; lastKnownFileType = wrapper.framework; name = CoreGraphics.framework; path = System/Library/Frameworks/CoreGraphics.framework; sourceTree = SDKROOT; };
		554F622415700FE900D20BE8 /* Angrybus-Info.plist */ = {isa = PBXFileReference; lastKnownFileType = text.plist.xml; path = "Angrybus-Info.plist"; sourceTree = "<group>"; };
		554F622615700FE900D20BE8 /* en */ = {isa = PBXFileReference; lastKnownFileType = text.plist.strings; name = en; path = en.lproj/InfoPlist.strings; sourceTree = "<group>"; };
		554F622815700FE900D20BE8 /* main.m */ = {isa = PBXFileReference; lastKnownFileType = sourcecode.c.objc; path = main.m; sourceTree = "<group>"; };
		554F622A15700FE900D20BE8 /* Angrybus-Prefix.pch */ = {isa = PBXFileReference; lastKnownFileType = sourcecode.c.h; path = "Angrybus-Prefix.pch"; sourceTree = "<group>"; };
		554F622B15700FE900D20BE8 /* AppDelegate.h */ = {isa = PBXFileReference; lastKnownFileType = sourcecode.c.h; path = AppDelegate.h; sourceTree = "<group>"; };
		554F622C15700FE900D20BE8 /* AppDelegate.m */ = {isa = PBXFileReference; lastKnownFileType = sourcecode.c.objc; path = AppDelegate.m; sourceTree = "<group>"; };
		554F622F15700FE900D20BE8 /* en */ = {isa = PBXFileReference; lastKnownFileType = file.storyboard; name = en; path = en.lproj/MainStoryboard.storyboard; sourceTree = "<group>"; };
		554F623415700FE900D20BE8 /* first.png */ = {isa = PBXFileReference; lastKnownFileType = image.png; path = first.png; sourceTree = "<group>"; };
		554F623615700FE900D20BE8 /* first@2x.png */ = {isa = PBXFileReference; lastKnownFileType = image.png; path = "first@2x.png"; sourceTree = "<group>"; };
		554F623B15700FE900D20BE8 /* second.png */ = {isa = PBXFileReference; lastKnownFileType = image.png; path = second.png; sourceTree = "<group>"; };
		554F623D15700FE900D20BE8 /* second@2x.png */ = {isa = PBXFileReference; lastKnownFileType = image.png; path = "second@2x.png"; sourceTree = "<group>"; };
		554F62441570136300D20BE8 /* MapKit.framework */ = {isa = PBXFileReference; lastKnownFileType = wrapper.framework; name = MapKit.framework; path = System/Library/Frameworks/MapKit.framework; sourceTree = SDKROOT; };
		554F624B1570214D00D20BE8 /* Place.h */ = {isa = PBXFileReference; fileEncoding = 4; lastKnownFileType = sourcecode.c.h; path = Place.h; sourceTree = "<group>"; };
		554F624C1570214D00D20BE8 /* Place.m */ = {isa = PBXFileReference; fileEncoding = 4; lastKnownFileType = sourcecode.c.objc; path = Place.m; sourceTree = "<group>"; };
		554F624D1570214D00D20BE8 /* PlaceMark.h */ = {isa = PBXFileReference; fileEncoding = 4; lastKnownFileType = sourcecode.c.h; path = PlaceMark.h; sourceTree = "<group>"; };
		554F624E1570214D00D20BE8 /* PlaceMark.m */ = {isa = PBXFileReference; fileEncoding = 4; lastKnownFileType = sourcecode.c.objc; path = PlaceMark.m; sourceTree = "<group>"; };
		554F62521570220900D20BE8 /* PontosViewController.h */ = {isa = PBXFileReference; fileEncoding = 4; lastKnownFileType = sourcecode.c.h; name = PontosViewController.h; path = Mapa/PontosViewController.h; sourceTree = "<group>"; };
		554F62531570220900D20BE8 /* PontosViewController.m */ = {isa = PBXFileReference; fileEncoding = 4; lastKnownFileType = sourcecode.c.objc; name = PontosViewController.m; path = Mapa/PontosViewController.m; sourceTree = "<group>"; };
		554F625615702B9E00D20BE8 /* DetalhesLinhaViewController.h */ = {isa = PBXFileReference; fileEncoding = 4; lastKnownFileType = sourcecode.c.h; name = DetalhesLinhaViewController.h; path = Linha/DetalhesLinhaViewController.h; sourceTree = "<group>"; };
		554F625715702B9E00D20BE8 /* DetalhesLinhaViewController.m */ = {isa = PBXFileReference; fileEncoding = 4; lastKnownFileType = sourcecode.c.objc; name = DetalhesLinhaViewController.m; path = Linha/DetalhesLinhaViewController.m; sourceTree = "<group>"; };
		554F625915702C7C00D20BE8 /* LinhasNoPontoViewController.h */ = {isa = PBXFileReference; fileEncoding = 4; lastKnownFileType = sourcecode.c.h; name = LinhasNoPontoViewController.h; path = Linha/LinhasNoPontoViewController.h; sourceTree = "<group>"; };
		554F625A15702C7C00D20BE8 /* LinhasNoPontoViewController.m */ = {isa = PBXFileReference; fileEncoding = 4; lastKnownFileType = sourcecode.c.objc; name = LinhasNoPontoViewController.m; path = Linha/LinhasNoPontoViewController.m; sourceTree = "<group>"; };
		554F625C1570348E00D20BE8 /* TodasLinhasViewController.h */ = {isa = PBXFileReference; fileEncoding = 4; lastKnownFileType = sourcecode.c.h; name = TodasLinhasViewController.h; path = Linha/TodasLinhasViewController.h; sourceTree = "<group>"; };
		554F625D1570348E00D20BE8 /* TodasLinhasViewController.m */ = {isa = PBXFileReference; fileEncoding = 4; lastKnownFileType = sourcecode.c.objc; name = TodasLinhasViewController.m; path = Linha/TodasLinhasViewController.m; sourceTree = "<group>"; };
		554F626015704B6C00D20BE8 /* RotaViewController.h */ = {isa = PBXFileReference; fileEncoding = 4; lastKnownFileType = sourcecode.c.h; name = RotaViewController.h; path = Rota/RotaViewController.h; sourceTree = "<group>"; };
		554F626115704B6C00D20BE8 /* RotaViewController.m */ = {isa = PBXFileReference; fileEncoding = 4; lastKnownFileType = sourcecode.c.objc; name = RotaViewController.m; path = Rota/RotaViewController.m; sourceTree = "<group>"; };
		554F626315704DC300D20BE8 /* CoreLocation.framework */ = {isa = PBXFileReference; lastKnownFileType = wrapper.framework; name = CoreLocation.framework; path = System/Library/Frameworks/CoreLocation.framework; sourceTree = SDKROOT; };
		55CD6FC015A9F0E600C896F4 /* libTestFlight.a */ = {isa = PBXFileReference; lastKnownFileType = archive.ar; path = libTestFlight.a; sourceTree = "<group>"; };
		55CD6FC115A9F0E600C896F4 /* README.txt */ = {isa = PBXFileReference; fileEncoding = 4; lastKnownFileType = text; path = README.txt; sourceTree = "<group>"; };
		55CD6FC215A9F0E600C896F4 /* release_notes.txt */ = {isa = PBXFileReference; fileEncoding = 4; lastKnownFileType = text; path = release_notes.txt; sourceTree = "<group>"; };
		55CD6FC315A9F0E600C896F4 /* TestFlight.h */ = {isa = PBXFileReference; fileEncoding = 4; lastKnownFileType = sourcecode.c.h; path = TestFlight.h; sourceTree = "<group>"; };
		55CD6FC815A9F11200C896F4 /* libz.dylib */ = {isa = PBXFileReference; lastKnownFileType = "compiled.mach-o.dylib"; name = libz.dylib; path = usr/lib/libz.dylib; sourceTree = SDKROOT; };
		568C684715AA8BAE003F893F /* angrybus.png */ = {isa = PBXFileReference; lastKnownFileType = image.png; name = angrybus.png; path = Angrybus/Imagens/angrybus.png; sourceTree = "<group>"; };
		568C684815AA8BAE003F893F /* angrybus@2x.png */ = {isa = PBXFileReference; lastKnownFileType = image.png; name = "angrybus@2x.png"; path = "Angrybus/Imagens/angrybus@2x.png"; sourceTree = "<group>"; };
		568C684915AA8BAE003F893F /* btnvoltar.png */ = {isa = PBXFileReference; lastKnownFileType = image.png; name = btnvoltar.png; path = Angrybus/Imagens/btnvoltar.png; sourceTree = "<group>"; };
		568C684A15AA8BAE003F893F /* btnvoltar@2x.png */ = {isa = PBXFileReference; lastKnownFileType = image.png; name = "btnvoltar@2x.png"; path = "Angrybus/Imagens/btnvoltar@2x.png"; sourceTree = "<group>"; };
		568C684B15AA8BAE003F893F /* celula.png */ = {isa = PBXFileReference; lastKnownFileType = image.png; name = celula.png; path = Angrybus/Imagens/celula.png; sourceTree = "<group>"; };
		568C684C15AA8BAE003F893F /* celula@2x.png */ = {isa = PBXFileReference; lastKnownFileType = image.png; name = "celula@2x.png"; path = "Angrybus/Imagens/celula@2x.png"; sourceTree = "<group>"; };
		568C684D15AA8BAE003F893F /* header.png */ = {isa = PBXFileReference; lastKnownFileType = image.png; name = header.png; path = Angrybus/Imagens/header.png; sourceTree = "<group>"; };
		568C684E15AA8BAE003F893F /* header@2x.png */ = {isa = PBXFileReference; lastKnownFileType = image.png; name = "header@2x.png"; path = "Angrybus/Imagens/header@2x.png"; sourceTree = "<group>"; };
		568C684F15AA8BAE003F893F /* linhas_off.png */ = {isa = PBXFileReference; lastKnownFileType = image.png; name = linhas_off.png; path = Angrybus/Imagens/linhas_off.png; sourceTree = "<group>"; };
		568C685015AA8BAE003F893F /* linhas_off@2x.png */ = {isa = PBXFileReference; lastKnownFileType = image.png; name = "linhas_off@2x.png"; path = "Angrybus/Imagens/linhas_off@2x.png"; sourceTree = "<group>"; };
		568C685115AA8BAE003F893F /* linhas_on.png */ = {isa = PBXFileReference; lastKnownFileType = image.png; name = linhas_on.png; path = Angrybus/Imagens/linhas_on.png; sourceTree = "<group>"; };
		568C685215AA8BAE003F893F /* linhas_on@2x.png */ = {isa = PBXFileReference; lastKnownFileType = image.png; name = "linhas_on@2x.png"; path = "Angrybus/Imagens/linhas_on@2x.png"; sourceTree = "<group>"; };
		568C685315AA8BAE003F893F /* mapa_off.png */ = {isa = PBXFileReference; lastKnownFileType = image.png; name = mapa_off.png; path = Angrybus/Imagens/mapa_off.png; sourceTree = "<group>"; };
		568C685415AA8BAE003F893F /* mapa_off@2x.png */ = {isa = PBXFileReference; lastKnownFileType = image.png; name = "mapa_off@2x.png"; path = "Angrybus/Imagens/mapa_off@2x.png"; sourceTree = "<group>"; };
		568C685515AA8BAE003F893F /* mapa_on.png */ = {isa = PBXFileReference; lastKnownFileType = image.png; name = mapa_on.png; path = Angrybus/Imagens/mapa_on.png; sourceTree = "<group>"; };
		568C685615AA8BAE003F893F /* mapa_on@2x.png */ = {isa = PBXFileReference; lastKnownFileType = image.png; name = "mapa_on@2x.png"; path = "Angrybus/Imagens/mapa_on@2x.png"; sourceTree = "<group>"; };
		568C685715AA8BAE003F893F /* navbar.png */ = {isa = PBXFileReference; lastKnownFileType = image.png; name = navbar.png; path = Angrybus/Imagens/navbar.png; sourceTree = "<group>"; };
		568C685815AA8BAE003F893F /* navbar@2x.png */ = {isa = PBXFileReference; lastKnownFileType = image.png; name = "navbar@2x.png"; path = "Angrybus/Imagens/navbar@2x.png"; sourceTree = "<group>"; };
		568C685915AA8BAE003F893F /* poi.png */ = {isa = PBXFileReference; lastKnownFileType = image.png; name = poi.png; path = Angrybus/Imagens/poi.png; sourceTree = "<group>"; };
		568C685A15AA8BAE003F893F /* poi@2x.png */ = {isa = PBXFileReference; lastKnownFileType = image.png; name = "poi@2x.png"; path = "Angrybus/Imagens/poi@2x.png"; sourceTree = "<group>"; };
		568C685B15AA8BAE003F893F /* search.png */ = {isa = PBXFileReference; lastKnownFileType = image.png; name = search.png; path = Angrybus/Imagens/search.png; sourceTree = "<group>"; };
		568C685C15AA8BAE003F893F /* search@2x.png */ = {isa = PBXFileReference; lastKnownFileType = image.png; name = "search@2x.png"; path = "Angrybus/Imagens/search@2x.png"; sourceTree = "<group>"; };
		568C685F15AA8BAE003F893F /* tabbar.png */ = {isa = PBXFileReference; lastKnownFileType = image.png; name = tabbar.png; path = Angrybus/Imagens/tabbar.png; sourceTree = "<group>"; };
		568C686015AA8BAE003F893F /* tabbar@2x.png */ = {isa = PBXFileReference; lastKnownFileType = image.png; name = "tabbar@2x.png"; path = "Angrybus/Imagens/tabbar@2x.png"; sourceTree = "<group>"; };
		568C686115AA8BAE003F893F /* tabseletor.png */ = {isa = PBXFileReference; lastKnownFileType = image.png; name = tabseletor.png; path = Angrybus/Imagens/tabseletor.png; sourceTree = "<group>"; };
		568C686215AA8BAE003F893F /* tabseletor@2x.png */ = {isa = PBXFileReference; lastKnownFileType = image.png; name = "tabseletor@2x.png"; path = "Angrybus/Imagens/tabseletor@2x.png"; sourceTree = "<group>"; };
		568C686315AA8BAE003F893F /* verposicao.png */ = {isa = PBXFileReference; lastKnownFileType = image.png; name = verposicao.png; path = Angrybus/Imagens/verposicao.png; sourceTree = "<group>"; };
		568C686415AA8BAE003F893F /* verposicao@2x.png */ = {isa = PBXFileReference; lastKnownFileType = image.png; name = "verposicao@2x.png"; path = "Angrybus/Imagens/verposicao@2x.png"; sourceTree = "<group>"; };
		568C688415AA8CEA003F893F /* ABtabBarController.h */ = {isa = PBXFileReference; fileEncoding = 4; lastKnownFileType = sourcecode.c.h; path = ABtabBarController.h; sourceTree = "<group>"; };
		568C688515AA8CEA003F893F /* ABtabBarController.m */ = {isa = PBXFileReference; fileEncoding = 4; lastKnownFileType = sourcecode.c.objc; path = ABtabBarController.m; sourceTree = "<group>"; };
		568C688715AA90B0003F893F /* ABtabBarView.xib */ = {isa = PBXFileReference; fileEncoding = 4; lastKnownFileType = file.xib; path = ABtabBarView.xib; sourceTree = "<group>"; };
		568C688A15AA9FC4003F893F /* MuseoSans_500.otf */ = {isa = PBXFileReference; lastKnownFileType = file; path = MuseoSans_500.otf; sourceTree = "<group>"; };
		568C688B15AA9FC4003F893F /* MuseoSans_700.otf */ = {isa = PBXFileReference; lastKnownFileType = file; path = MuseoSans_700.otf; sourceTree = "<group>"; };
		568C688C15AA9FC4003F893F /* MuseoSans_900.otf */ = {isa = PBXFileReference; lastKnownFileType = file; path = MuseoSans_900.otf; sourceTree = "<group>"; };
		568C688D15AA9FC4003F893F /* MuseoSans-100.otf */ = {isa = PBXFileReference; lastKnownFileType = file; path = "MuseoSans-100.otf"; sourceTree = "<group>"; };
		568C688E15AA9FC4003F893F /* MuseoSans-300.otf */ = {isa = PBXFileReference; lastKnownFileType = file; path = "MuseoSans-300.otf"; sourceTree = "<group>"; };
		568C689415AAA506003F893F /* Default.png */ = {isa = PBXFileReference; lastKnownFileType = image.png; path = Default.png; sourceTree = "<group>"; };
		568C689615AAA50D003F893F /* Default@2x.png */ = {isa = PBXFileReference; lastKnownFileType = image.png; path = "Default@2x.png"; sourceTree = "<group>"; };
		568C689815AAA5F8003F893F /* CustomCell.h */ = {isa = PBXFileReference; fileEncoding = 4; lastKnownFileType = sourcecode.c.h; path = CustomCell.h; sourceTree = "<group>"; };
		568C689915AAA5F8003F893F /* CustomCell.m */ = {isa = PBXFileReference; fileEncoding = 4; lastKnownFileType = sourcecode.c.objc; path = CustomCell.m; sourceTree = "<group>"; };
/* End PBXFileReference section */

/* Begin PBXFrameworksBuildPhase section */
		554F621515700FE900D20BE8 /* Frameworks */ = {
			isa = PBXFrameworksBuildPhase;
			buildActionMask = 2147483647;
			files = (
				55CD6FC915A9F11200C896F4 /* libz.dylib in Frameworks */,
				554F626415704DC300D20BE8 /* CoreLocation.framework in Frameworks */,
				554F62451570136300D20BE8 /* MapKit.framework in Frameworks */,
				554F621D15700FE900D20BE8 /* UIKit.framework in Frameworks */,
				554F621F15700FE900D20BE8 /* Foundation.framework in Frameworks */,
				554F622115700FE900D20BE8 /* CoreGraphics.framework in Frameworks */,
				55CD6FC415A9F0E600C896F4 /* libTestFlight.a in Frameworks */,
			);
			runOnlyForDeploymentPostprocessing = 0;
		};
/* End PBXFrameworksBuildPhase section */

/* Begin PBXGroup section */
		554F620D15700FE900D20BE8 = {
			isa = PBXGroup;
			children = (
				568C689615AAA50D003F893F /* Default@2x.png */,
				568C689415AAA506003F893F /* Default.png */,
				568C684615AA8B94003F893F /* Imagens */,
				554F622215700FE900D20BE8 /* Angrybus */,
				554F621B15700FE900D20BE8 /* Frameworks */,
				554F621915700FE900D20BE8 /* Products */,
			);
			sourceTree = "<group>";
		};
		554F621915700FE900D20BE8 /* Products */ = {
			isa = PBXGroup;
			children = (
				554F621815700FE900D20BE8 /* Angrybus.app */,
			);
			name = Products;
			sourceTree = "<group>";
		};
		554F621B15700FE900D20BE8 /* Frameworks */ = {
			isa = PBXGroup;
			children = (
				55CD6FC815A9F11200C896F4 /* libz.dylib */,
				554F626315704DC300D20BE8 /* CoreLocation.framework */,
				554F62441570136300D20BE8 /* MapKit.framework */,
				554F621C15700FE900D20BE8 /* UIKit.framework */,
				554F621E15700FE900D20BE8 /* Foundation.framework */,
				554F622015700FE900D20BE8 /* CoreGraphics.framework */,
			);
			name = Frameworks;
			sourceTree = "<group>";
		};
		554F622215700FE900D20BE8 /* Angrybus */ = {
			isa = PBXGroup;
			children = (
				568C688915AA9F91003F893F /* Fontes */,
				568C688315AA8CA0003F893F /* Componentes */,
				55CD6FBF15A9F0E600C896F4 /* TestFlightSDK1.0 */,
				554F625F15704B5000D20BE8 /* Rota */,
				554F625515702B8800D20BE8 /* Linha */,
				554F6251157021D600D20BE8 /* Mapa */,
				554F624A1570212000D20BE8 /* Placemarks */,
				554F622B15700FE900D20BE8 /* AppDelegate.h */,
				554F622C15700FE900D20BE8 /* AppDelegate.m */,
				554F622E15700FE900D20BE8 /* MainStoryboard.storyboard */,
				554F623415700FE900D20BE8 /* first.png */,
				554F623615700FE900D20BE8 /* first@2x.png */,
				554F623B15700FE900D20BE8 /* second.png */,
				554F623D15700FE900D20BE8 /* second@2x.png */,
				554F622315700FE900D20BE8 /* Supporting Files */,
			);
			path = Angrybus;
			sourceTree = "<group>";
		};
		554F622315700FE900D20BE8 /* Supporting Files */ = {
			isa = PBXGroup;
			children = (
				5503C9AC1573C7350046118E /* pink_pin.png */,
				5503C9AD1573C7350046118E /* green_pin.png */,
				5503C9AE1573C7350046118E /* blue_pin.png */,
				554F622415700FE900D20BE8 /* Angrybus-Info.plist */,
				5503C9AB1573C7350046118E /* yellow_pin.png */,
				554F622515700FE900D20BE8 /* InfoPlist.strings */,
				554F622815700FE900D20BE8 /* main.m */,
				554F622A15700FE900D20BE8 /* Angrybus-Prefix.pch */,
			);
			name = "Supporting Files";
			sourceTree = "<group>";
		};
		554F624A1570212000D20BE8 /* Placemarks */ = {
			isa = PBXGroup;
			children = (
				554F624B1570214D00D20BE8 /* Place.h */,
				554F624C1570214D00D20BE8 /* Place.m */,
				554F624D1570214D00D20BE8 /* PlaceMark.h */,
				554F624E1570214D00D20BE8 /* PlaceMark.m */,
				5503C9A81573C56A0046118E /* VeiculoAnnotation.h */,
				5503C9A91573C56A0046118E /* VeiculoAnnotation.m */,
			);
			name = Placemarks;
			sourceTree = "<group>";
		};
		554F6251157021D600D20BE8 /* Mapa */ = {
			isa = PBXGroup;
			children = (
				554F62521570220900D20BE8 /* PontosViewController.h */,
				554F62531570220900D20BE8 /* PontosViewController.m */,
			);
			name = Mapa;
			sourceTree = "<group>";
		};
		554F625515702B8800D20BE8 /* Linha */ = {
			isa = PBXGroup;
			children = (
				554F625615702B9E00D20BE8 /* DetalhesLinhaViewController.h */,
				554F625715702B9E00D20BE8 /* DetalhesLinhaViewController.m */,
				554F625915702C7C00D20BE8 /* LinhasNoPontoViewController.h */,
				554F625A15702C7C00D20BE8 /* LinhasNoPontoViewController.m */,
				554F625C1570348E00D20BE8 /* TodasLinhasViewController.h */,
				554F625D1570348E00D20BE8 /* TodasLinhasViewController.m */,
				568C689815AAA5F8003F893F /* CustomCell.h */,
				568C689915AAA5F8003F893F /* CustomCell.m */,
			);
			name = Linha;
			sourceTree = "<group>";
		};
		554F625F15704B5000D20BE8 /* Rota */ = {
			isa = PBXGroup;
			children = (
				554F626015704B6C00D20BE8 /* RotaViewController.h */,
				554F626115704B6C00D20BE8 /* RotaViewController.m */,
			);
			name = Rota;
			sourceTree = "<group>";
		};
		55CD6FBF15A9F0E600C896F4 /* TestFlightSDK1.0 */ = {
			isa = PBXGroup;
			children = (
				55CD6FC015A9F0E600C896F4 /* libTestFlight.a */,
				55CD6FC115A9F0E600C896F4 /* README.txt */,
				55CD6FC215A9F0E600C896F4 /* release_notes.txt */,
				55CD6FC315A9F0E600C896F4 /* TestFlight.h */,
			);
			path = TestFlightSDK1.0;
			sourceTree = "<group>";
		};
		568C684615AA8B94003F893F /* Imagens */ = {
			isa = PBXGroup;
			children = (
				568C684715AA8BAE003F893F /* angrybus.png */,
				568C684815AA8BAE003F893F /* angrybus@2x.png */,
				568C684915AA8BAE003F893F /* btnvoltar.png */,
				568C684A15AA8BAE003F893F /* btnvoltar@2x.png */,
				568C684B15AA8BAE003F893F /* celula.png */,
				568C684C15AA8BAE003F893F /* celula@2x.png */,
				568C684D15AA8BAE003F893F /* header.png */,
				568C684E15AA8BAE003F893F /* header@2x.png */,
				568C684F15AA8BAE003F893F /* linhas_off.png */,
				568C685015AA8BAE003F893F /* linhas_off@2x.png */,
				568C685115AA8BAE003F893F /* linhas_on.png */,
				568C685215AA8BAE003F893F /* linhas_on@2x.png */,
				568C685315AA8BAE003F893F /* mapa_off.png */,
				568C685415AA8BAE003F893F /* mapa_off@2x.png */,
				568C685515AA8BAE003F893F /* mapa_on.png */,
				568C685615AA8BAE003F893F /* mapa_on@2x.png */,
				568C685715AA8BAE003F893F /* navbar.png */,
				568C685815AA8BAE003F893F /* navbar@2x.png */,
				568C685915AA8BAE003F893F /* poi.png */,
				568C685A15AA8BAE003F893F /* poi@2x.png */,
				568C685B15AA8BAE003F893F /* search.png */,
				568C685C15AA8BAE003F893F /* search@2x.png */,
				568C685F15AA8BAE003F893F /* tabbar.png */,
				568C686015AA8BAE003F893F /* tabbar@2x.png */,
				568C686115AA8BAE003F893F /* tabseletor.png */,
				568C686215AA8BAE003F893F /* tabseletor@2x.png */,
				568C686315AA8BAE003F893F /* verposicao.png */,
				568C686415AA8BAE003F893F /* verposicao@2x.png */,
			);
			name = Imagens;
			sourceTree = "<group>";
		};
		568C688315AA8CA0003F893F /* Componentes */ = {
			isa = PBXGroup;
			children = (
				568C688415AA8CEA003F893F /* ABtabBarController.h */,
				568C688515AA8CEA003F893F /* ABtabBarController.m */,
				568C688715AA90B0003F893F /* ABtabBarView.xib */,
			);
			name = Componentes;
			sourceTree = "<group>";
		};
		568C688915AA9F91003F893F /* Fontes */ = {
			isa = PBXGroup;
			children = (
				568C688A15AA9FC4003F893F /* MuseoSans_500.otf */,
				568C688B15AA9FC4003F893F /* MuseoSans_700.otf */,
				568C688C15AA9FC4003F893F /* MuseoSans_900.otf */,
				568C688D15AA9FC4003F893F /* MuseoSans-100.otf */,
				568C688E15AA9FC4003F893F /* MuseoSans-300.otf */,
			);
			path = Fontes;
			sourceTree = "<group>";
		};
/* End PBXGroup section */

/* Begin PBXNativeTarget section */
		554F621715700FE900D20BE8 /* Angrybus */ = {
			isa = PBXNativeTarget;
			buildConfigurationList = 554F624115700FE900D20BE8 /* Build configuration list for PBXNativeTarget "Angrybus" */;
			buildPhases = (
				554F621415700FE900D20BE8 /* Sources */,
				554F621515700FE900D20BE8 /* Frameworks */,
				554F621615700FE900D20BE8 /* Resources */,
			);
			buildRules = (
			);
			dependencies = (
			);
			name = Angrybus;
			productName = Angrybus;
			productReference = 554F621815700FE900D20BE8 /* Angrybus.app */;
			productType = "com.apple.product-type.application";
		};
/* End PBXNativeTarget section */

/* Begin PBXProject section */
		554F620F15700FE900D20BE8 /* Project object */ = {
			isa = PBXProject;
			attributes = {
				LastUpgradeCheck = 0430;
			};
			buildConfigurationList = 554F621215700FE900D20BE8 /* Build configuration list for PBXProject "Angrybus" */;
			compatibilityVersion = "Xcode 3.2";
			developmentRegion = English;
			hasScannedForEncodings = 0;
			knownRegions = (
				en,
			);
			mainGroup = 554F620D15700FE900D20BE8;
			productRefGroup = 554F621915700FE900D20BE8 /* Products */;
			projectDirPath = "";
			projectRoot = "";
			targets = (
				554F621715700FE900D20BE8 /* Angrybus */,
			);
		};
/* End PBXProject section */

/* Begin PBXResourcesBuildPhase section */
		554F621615700FE900D20BE8 /* Resources */ = {
			isa = PBXResourcesBuildPhase;
			buildActionMask = 2147483647;
			files = (
				554F622715700FE900D20BE8 /* InfoPlist.strings in Resources */,
				554F623015700FE900D20BE8 /* MainStoryboard.storyboard in Resources */,
				554F623515700FE900D20BE8 /* first.png in Resources */,
				554F623715700FE900D20BE8 /* first@2x.png in Resources */,
				554F623C15700FE900D20BE8 /* second.png in Resources */,
				554F623E15700FE900D20BE8 /* second@2x.png in Resources */,
				5503C9AF1573C7350046118E /* yellow_pin.png in Resources */,
				5503C9B01573C7350046118E /* pink_pin.png in Resources */,
				5503C9B11573C7350046118E /* green_pin.png in Resources */,
				5503C9B21573C7350046118E /* blue_pin.png in Resources */,
				55CD6FC515A9F0E600C896F4 /* README.txt in Resources */,
				55CD6FC615A9F0E600C896F4 /* release_notes.txt in Resources */,
				568C686515AA8BAE003F893F /* angrybus.png in Resources */,
				568C686615AA8BAE003F893F /* angrybus@2x.png in Resources */,
				568C686715AA8BAE003F893F /* btnvoltar.png in Resources */,
				568C686815AA8BAE003F893F /* btnvoltar@2x.png in Resources */,
				568C686915AA8BAE003F893F /* celula.png in Resources */,
				568C686A15AA8BAE003F893F /* celula@2x.png in Resources */,
				568C686B15AA8BAE003F893F /* header.png in Resources */,
				568C686C15AA8BAE003F893F /* header@2x.png in Resources */,
				568C686D15AA8BAE003F893F /* linhas_off.png in Resources */,
				568C686E15AA8BAE003F893F /* linhas_off@2x.png in Resources */,
				568C686F15AA8BAE003F893F /* linhas_on.png in Resources */,
				568C687015AA8BAE003F893F /* linhas_on@2x.png in Resources */,
				568C687115AA8BAE003F893F /* mapa_off.png in Resources */,
				568C687215AA8BAE003F893F /* mapa_off@2x.png in Resources */,
				568C687315AA8BAE003F893F /* mapa_on.png in Resources */,
				568C687415AA8BAE003F893F /* mapa_on@2x.png in Resources */,
				568C687515AA8BAE003F893F /* navbar.png in Resources */,
				568C687615AA8BAE003F893F /* navbar@2x.png in Resources */,
				568C687715AA8BAE003F893F /* poi.png in Resources */,
				568C687815AA8BAE003F893F /* poi@2x.png in Resources */,
				568C687915AA8BAE003F893F /* search.png in Resources */,
				568C687A15AA8BAE003F893F /* search@2x.png in Resources */,
				568C687D15AA8BAE003F893F /* tabbar.png in Resources */,
				568C687E15AA8BAE003F893F /* tabbar@2x.png in Resources */,
				568C687F15AA8BAE003F893F /* tabseletor.png in Resources */,
				568C688015AA8BAE003F893F /* tabseletor@2x.png in Resources */,
				568C688115AA8BAE003F893F /* verposicao.png in Resources */,
				568C688215AA8BAE003F893F /* verposicao@2x.png in Resources */,
				568C688815AA90B0003F893F /* ABtabBarView.xib in Resources */,
				568C688F15AA9FC4003F893F /* MuseoSans_500.otf in Resources */,
				568C689015AA9FC4003F893F /* MuseoSans_700.otf in Resources */,
				568C689115AA9FC4003F893F /* MuseoSans_900.otf in Resources */,
				568C689215AA9FC4003F893F /* MuseoSans-100.otf in Resources */,
				568C689315AA9FC4003F893F /* MuseoSans-300.otf in Resources */,
				568C689515AAA506003F893F /* Default.png in Resources */,
				568C689715AAA50D003F893F /* Default@2x.png in Resources */,
			);
			runOnlyForDeploymentPostprocessing = 0;
		};
/* End PBXResourcesBuildPhase section */

/* Begin PBXSourcesBuildPhase section */
		554F621415700FE900D20BE8 /* Sources */ = {
			isa = PBXSourcesBuildPhase;
			buildActionMask = 2147483647;
			files = (
				554F622915700FE900D20BE8 /* main.m in Sources */,
				554F622D15700FE900D20BE8 /* AppDelegate.m in Sources */,
				554F624F1570214D00D20BE8 /* Place.m in Sources */,
				554F62501570214D00D20BE8 /* PlaceMark.m in Sources */,
				554F62541570220900D20BE8 /* PontosViewController.m in Sources */,
				554F625815702B9E00D20BE8 /* DetalhesLinhaViewController.m in Sources */,
				554F625B15702C7C00D20BE8 /* LinhasNoPontoViewController.m in Sources */,
				554F625E1570348E00D20BE8 /* TodasLinhasViewController.m in Sources */,
				554F626215704B6C00D20BE8 /* RotaViewController.m in Sources */,
				5503C9AA1573C56A0046118E /* VeiculoAnnotation.m in Sources */,
				568C688615AA8CEA003F893F /* ABtabBarController.m in Sources */,
				568C689A15AAA5F8003F893F /* CustomCell.m in Sources */,
			);
			runOnlyForDeploymentPostprocessing = 0;
		};
/* End PBXSourcesBuildPhase section */

/* Begin PBXVariantGroup section */
		554F622515700FE900D20BE8 /* InfoPlist.strings */ = {
			isa = PBXVariantGroup;
			children = (
				554F622615700FE900D20BE8 /* en */,
			);
			name = InfoPlist.strings;
			sourceTree = "<group>";
		};
		554F622E15700FE900D20BE8 /* MainStoryboard.storyboard */ = {
			isa = PBXVariantGroup;
			children = (
				554F622F15700FE900D20BE8 /* en */,
			);
			name = MainStoryboard.storyboard;
			sourceTree = "<group>";
		};
/* End PBXVariantGroup section */

/* Begin XCBuildConfiguration section */
		554F623F15700FE900D20BE8 /* Debug */ = {
			isa = XCBuildConfiguration;
			buildSettings = {
				ALWAYS_SEARCH_USER_PATHS = NO;
				ARCHS = "$(ARCHS_STANDARD_32_BIT)";
				CLANG_ENABLE_OBJC_ARC = YES;
				"CODE_SIGN_IDENTITY[sdk=iphoneos*]" = "iPhone Developer";
				COPY_PHASE_STRIP = NO;
				GCC_C_LANGUAGE_STANDARD = gnu99;
				GCC_DYNAMIC_NO_PIC = NO;
				GCC_OPTIMIZATION_LEVEL = 0;
				GCC_PREPROCESSOR_DEFINITIONS = (
					"DEBUG=1",
					"$(inherited)",
				);
				GCC_SYMBOLS_PRIVATE_EXTERN = NO;
				GCC_VERSION = com.apple.compilers.llvm.clang.1_0;
				GCC_WARN_ABOUT_RETURN_TYPE = YES;
				GCC_WARN_UNINITIALIZED_AUTOS = YES;
				GCC_WARN_UNUSED_VARIABLE = YES;
				IPHONEOS_DEPLOYMENT_TARGET = 5.1;
				SDKROOT = iphoneos;
			};
			name = Debug;
		};
		554F624015700FE900D20BE8 /* Release */ = {
			isa = XCBuildConfiguration;
			buildSettings = {
				ALWAYS_SEARCH_USER_PATHS = NO;
				ARCHS = "$(ARCHS_STANDARD_32_BIT)";
				CLANG_ENABLE_OBJC_ARC = YES;
				"CODE_SIGN_IDENTITY[sdk=iphoneos*]" = "iPhone Developer";
				COPY_PHASE_STRIP = YES;
				GCC_C_LANGUAGE_STANDARD = gnu99;
				GCC_VERSION = com.apple.compilers.llvm.clang.1_0;
				GCC_WARN_ABOUT_RETURN_TYPE = YES;
				GCC_WARN_UNINITIALIZED_AUTOS = YES;
				GCC_WARN_UNUSED_VARIABLE = YES;
				IPHONEOS_DEPLOYMENT_TARGET = 5.1;
				OTHER_CFLAGS = "-DNS_BLOCK_ASSERTIONS=1";
				SDKROOT = iphoneos;
				VALIDATE_PRODUCT = YES;
			};
			name = Release;
		};
		554F624215700FE900D20BE8 /* Debug */ = {
			isa = XCBuildConfiguration;
			buildSettings = {
				"CODE_SIGN_IDENTITY[sdk=iphoneos*]" = "iPhone Distribution: Bitix Servicos de Tecnologia da Informacao Ltda.";
				GCC_PRECOMPILE_PREFIX_HEADER = YES;
				GCC_PREFIX_HEADER = "Angrybus/Angrybus-Prefix.pch";
				INFOPLIST_FILE = "Angrybus/Angrybus-Info.plist";
				LIBRARY_SEARCH_PATHS = (
					"$(inherited)",
					"\"$(SRCROOT)/Angrybus/TestFlightSDK1.0\"",
				);
				PRODUCT_NAME = "$(TARGET_NAME)";
				"PROVISIONING_PROFILE[sdk=iphoneos*]" = "F952DDA1-1904-47CB-BC71-528307C1F555";
				WRAPPER_EXTENSION = app;
			};
			name = Debug;
		};
		554F624315700FE900D20BE8 /* Release */ = {
			isa = XCBuildConfiguration;
			buildSettings = {
				"CODE_SIGN_IDENTITY[sdk=iphoneos*]" = "iPhone Distribution: Bitix Servicos de Tecnologia da Informacao Ltda.";
				GCC_PRECOMPILE_PREFIX_HEADER = YES;
				GCC_PREFIX_HEADER = "Angrybus/Angrybus-Prefix.pch";
				INFOPLIST_FILE = "Angrybus/Angrybus-Info.plist";
				LIBRARY_SEARCH_PATHS = (
					"$(inherited)",
					"\"$(SRCROOT)/Angrybus/TestFlightSDK1.0\"",
				);
				PRODUCT_NAME = "$(TARGET_NAME)";
				"PROVISIONING_PROFILE[sdk=iphoneos*]" = "F952DDA1-1904-47CB-BC71-528307C1F555";
				WRAPPER_EXTENSION = app;
			};
			name = Release;
		};
/* End XCBuildConfiguration section */

/* Begin XCConfigurationList section */
		554F621215700FE900D20BE8 /* Build configuration list for PBXProject "Angrybus" */ = {
			isa = XCConfigurationList;
			buildConfigurations = (
				554F623F15700FE900D20BE8 /* Debug */,
				554F624015700FE900D20BE8 /* Release */,
			);
			defaultConfigurationIsVisible = 0;
			defaultConfigurationName = Release;
		};
		554F624115700FE900D20BE8 /* Build configuration list for PBXNativeTarget "Angrybus" */ = {
			isa = XCConfigurationList;
			buildConfigurations = (
				554F624215700FE900D20BE8 /* Debug */,
				554F624315700FE900D20BE8 /* Release */,
			);
			defaultConfigurationIsVisible = 0;
			defaultConfigurationName = Release;
		};
/* End XCConfigurationList section */
	};
	rootObject = 554F620F15700FE900D20BE8 /* Project object */;
}
